// !$*UTF8*$!
{
	archiveVersion = 1;
	classes = {
	};
	objectVersion = 50;
	objects = {

/* Begin PBXBuildFile section */
		00F868AB240084560085854E /* AppDelegate.swift in Sources */ = {isa = PBXBuildFile; fileRef = 00F868AA240084560085854E /* AppDelegate.swift */; };
		00F868B2240084580085854E /* Assets.xcassets in Resources */ = {isa = PBXBuildFile; fileRef = 00F868B1240084580085854E /* Assets.xcassets */; };
		00F868B5240084580085854E /* LaunchScreen.storyboard in Resources */ = {isa = PBXBuildFile; fileRef = 00F868B3240084580085854E /* LaunchScreen.storyboard */; };
		00F868C3240090970085854E /* Service.swift in Sources */ = {isa = PBXBuildFile; fileRef = 00F868C2240090970085854E /* Service.swift */; };
		00F868C5240090BD0085854E /* CourseViewModel.swift in Sources */ = {isa = PBXBuildFile; fileRef = 00F868C4240090BD0085854E /* CourseViewModel.swift */; };
		00F868C7240090DF0085854E /* CoursesController.swift in Sources */ = {isa = PBXBuildFile; fileRef = 00F868C6240090DF0085854E /* CoursesController.swift */; };
		00F868C9240090F30085854E /* CourseCell.swift in Sources */ = {isa = PBXBuildFile; fileRef = 00F868C8240090F30085854E /* CourseCell.swift */; };
		00F868CC240091C80085854E /* Course.swift in Sources */ = {isa = PBXBuildFile; fileRef = 00F868CB240091C80085854E /* Course.swift */; };
		00F868CF2400BEB80085854E /* Coordinator.swift in Sources */ = {isa = PBXBuildFile; fileRef = 00F868CE2400BEB80085854E /* Coordinator.swift */; };
		00F868D22400C9DC0085854E /* MainCoordinator.swift in Sources */ = {isa = PBXBuildFile; fileRef = 00F868D12400C9DC0085854E /* MainCoordinator.swift */; };
/* End PBXBuildFile section */

/* Begin PBXFileReference section */
		00F868A7240084560085854E /* iOSTest-MVVM.app */ = {isa = PBXFileReference; explicitFileType = wrapper.application; includeInIndex = 0; path = "iOSTest-MVVM.app"; sourceTree = BUILT_PRODUCTS_DIR; };
		00F868AA240084560085854E /* AppDelegate.swift */ = {isa = PBXFileReference; lastKnownFileType = sourcecode.swift; path = AppDelegate.swift; sourceTree = "<group>"; };
		00F868B1240084580085854E /* Assets.xcassets */ = {isa = PBXFileReference; lastKnownFileType = folder.assetcatalog; path = Assets.xcassets; sourceTree = "<group>"; };
		00F868B4240084580085854E /* Base */ = {isa = PBXFileReference; lastKnownFileType = file.storyboard; name = Base; path = Base.lproj/LaunchScreen.storyboard; sourceTree = "<group>"; };
		00F868B6240084580085854E /* Info.plist */ = {isa = PBXFileReference; lastKnownFileType = text.plist.xml; path = Info.plist; sourceTree = "<group>"; };
		00F868C2240090970085854E /* Service.swift */ = {isa = PBXFileReference; lastKnownFileType = sourcecode.swift; path = Service.swift; sourceTree = "<group>"; };
		00F868C4240090BD0085854E /* CourseViewModel.swift */ = {isa = PBXFileReference; lastKnownFileType = sourcecode.swift; path = CourseViewModel.swift; sourceTree = "<group>"; };
		00F868C6240090DF0085854E /* CoursesController.swift */ = {isa = PBXFileReference; lastKnownFileType = sourcecode.swift; path = CoursesController.swift; sourceTree = "<group>"; };
		00F868C8240090F30085854E /* CourseCell.swift */ = {isa = PBXFileReference; lastKnownFileType = sourcecode.swift; path = CourseCell.swift; sourceTree = "<group>"; };
		00F868CB240091C80085854E /* Course.swift */ = {isa = PBXFileReference; lastKnownFileType = sourcecode.swift; path = Course.swift; sourceTree = "<group>"; };
		00F868CE2400BEB80085854E /* Coordinator.swift */ = {isa = PBXFileReference; lastKnownFileType = sourcecode.swift; path = Coordinator.swift; sourceTree = "<group>"; };
		00F868D12400C9DC0085854E /* MainCoordinator.swift */ = {isa = PBXFileReference; lastKnownFileType = sourcecode.swift; path = MainCoordinator.swift; sourceTree = "<group>"; };
		9FC7410EAA491197542A1F16 /* Pods-iOSTest-MVVM.release.xcconfig */ = {isa = PBXFileReference; includeInIndex = 1; lastKnownFileType = text.xcconfig; name = "Pods-iOSTest-MVVM.release.xcconfig"; path = "Target Support Files/Pods-iOSTest-MVVM/Pods-iOSTest-MVVM.release.xcconfig"; sourceTree = "<group>"; };
		D8F08E83039DBE83D7B1476C /* Pods-iOSTest-MVVM.debug.xcconfig */ = {isa = PBXFileReference; includeInIndex = 1; lastKnownFileType = text.xcconfig; name = "Pods-iOSTest-MVVM.debug.xcconfig"; path = "Target Support Files/Pods-iOSTest-MVVM/Pods-iOSTest-MVVM.debug.xcconfig"; sourceTree = "<group>"; };
/* End PBXFileReference section */

/* Begin PBXFrameworksBuildPhase section */
		00F868A4240084560085854E /* Frameworks */ = {
			isa = PBXFrameworksBuildPhase;
			buildActionMask = 2147483647;
			files = (
			);
			runOnlyForDeploymentPostprocessing = 0;
		};
/* End PBXFrameworksBuildPhase section */

/* Begin PBXGroup section */
		00F8689E240084560085854E = {
			isa = PBXGroup;
			children = (
				00F868A9240084560085854E /* iOSTest-MVVM */,
				00F868A8240084560085854E /* Products */,
				869D97A0F2C0608C9FEA6ECB /* Pods */,
				27FB3DC91D4BE06D4FC0E780 /* Frameworks */,
			);
			sourceTree = "<group>";
		};
		00F868A8240084560085854E /* Products */ = {
			isa = PBXGroup;
			children = (
				00F868A7240084560085854E /* iOSTest-MVVM.app */,
			);
			name = Products;
			sourceTree = "<group>";
		};
		00F868A9240084560085854E /* iOSTest-MVVM */ = {
			isa = PBXGroup;
			children = (
				00F868CD2400BE9E0085854E /* Coordinator */,
				00F868CA240091B40085854E /* Model */,
				00F868BF24008FEC0085854E /* Service */,
				00F868BE24008FEA0085854E /* ViewModel */,
				00F868BD24008FE70085854E /* Controller */,
				00F868BC24008FE30085854E /* View */,
				00F868AA240084560085854E /* AppDelegate.swift */,
				00F868B1240084580085854E /* Assets.xcassets */,
				00F868B3240084580085854E /* LaunchScreen.storyboard */,
				00F868B6240084580085854E /* Info.plist */,
			);
			path = "iOSTest-MVVM";
			sourceTree = "<group>";
		};
		00F868BC24008FE30085854E /* View */ = {
			isa = PBXGroup;
			children = (
				00F868C8240090F30085854E /* CourseCell.swift */,
			);
			path = View;
			sourceTree = "<group>";
		};
		00F868BD24008FE70085854E /* Controller */ = {
			isa = PBXGroup;
			children = (
				00F868C6240090DF0085854E /* CoursesController.swift */,
			);
			path = Controller;
			sourceTree = "<group>";
		};
		00F868BE24008FEA0085854E /* ViewModel */ = {
			isa = PBXGroup;
			children = (
				00F868C4240090BD0085854E /* CourseViewModel.swift */,
			);
			path = ViewModel;
			sourceTree = "<group>";
		};
		00F868BF24008FEC0085854E /* Service */ = {
			isa = PBXGroup;
			children = (
				00F868C2240090970085854E /* Service.swift */,
			);
			path = Service;
			sourceTree = "<group>";
		};
		00F868CA240091B40085854E /* Model */ = {
			isa = PBXGroup;
			children = (
				00F868CB240091C80085854E /* Course.swift */,
			);
			path = Model;
			sourceTree = "<group>";
		};
		00F868CD2400BE9E0085854E /* Coordinator */ = {
			isa = PBXGroup;
			children = (
				00F868CE2400BEB80085854E /* Coordinator.swift */,
				00F868D12400C9DC0085854E /* MainCoordinator.swift */,
			);
			path = Coordinator;
			sourceTree = "<group>";
		};
		27FB3DC91D4BE06D4FC0E780 /* Frameworks */ = {
			isa = PBXGroup;
			children = (
			);
			name = Frameworks;
			sourceTree = "<group>";
		};
		869D97A0F2C0608C9FEA6ECB /* Pods */ = {
			isa = PBXGroup;
			children = (
				D8F08E83039DBE83D7B1476C /* Pods-iOSTest-MVVM.debug.xcconfig */,
				9FC7410EAA491197542A1F16 /* Pods-iOSTest-MVVM.release.xcconfig */,
			);
			path = Pods;
			sourceTree = "<group>";
		};
/* End PBXGroup section */

/* Begin PBXNativeTarget section */
		00F868A6240084560085854E /* iOSTest-MVVM */ = {
			isa = PBXNativeTarget;
			buildConfigurationList = 00F868B9240084580085854E /* Build configuration list for PBXNativeTarget "iOSTest-MVVM" */;
			buildPhases = (
				34517E3C7390DD9446FCDAB0 /* [CP] Check Pods Manifest.lock */,
				00F868A3240084560085854E /* Sources */,
				00F868A4240084560085854E /* Frameworks */,
				00F868A5240084560085854E /* Resources */,
			);
			buildRules = (
			);
			dependencies = (
			);
			name = "iOSTest-MVVM";
			productName = "iOSTest-MVVM";
			productReference = 00F868A7240084560085854E /* iOSTest-MVVM.app */;
			productType = "com.apple.product-type.application";
		};
/* End PBXNativeTarget section */

/* Begin PBXProject section */
		00F8689F240084560085854E /* Project object */ = {
			isa = PBXProject;
			attributes = {
				LastSwiftUpdateCheck = 1020;
				LastUpgradeCheck = 1020;
				ORGANIZATIONNAME = "Inaldo's Software Development";
				TargetAttributes = {
					00F868A6240084560085854E = {
						CreatedOnToolsVersion = 10.2.1;
					};
				};
			};
			buildConfigurationList = 00F868A2240084560085854E /* Build configuration list for PBXProject "iOSTest-MVVM" */;
			compatibilityVersion = "Xcode 9.3";
			developmentRegion = en;
			hasScannedForEncodings = 0;
			knownRegions = (
				en,
				Base,
			);
			mainGroup = 00F8689E240084560085854E;
			productRefGroup = 00F868A8240084560085854E /* Products */;
			projectDirPath = "";
			projectRoot = "";
			targets = (
				00F868A6240084560085854E /* iOSTest-MVVM */,
			);
		};
/* End PBXProject section */

/* Begin PBXResourcesBuildPhase section */
		00F868A5240084560085854E /* Resources */ = {
			isa = PBXResourcesBuildPhase;
			buildActionMask = 2147483647;
			files = (
				00F868B5240084580085854E /* LaunchScreen.storyboard in Resources */,
				00F868B2240084580085854E /* Assets.xcassets in Resources */,
			);
			runOnlyForDeploymentPostprocessing = 0;
		};
/* End PBXResourcesBuildPhase section */

/* Begin PBXShellScriptBuildPhase section */
		34517E3C7390DD9446FCDAB0 /* [CP] Check Pods Manifest.lock */ = {
			isa = PBXShellScriptBuildPhase;
			buildActionMask = 2147483647;
			files = (
			);
			inputFileListPaths = (
			);
			inputPaths = (
				"${PODS_PODFILE_DIR_PATH}/Podfile.lock",
				"${PODS_ROOT}/Manifest.lock",
			);
			name = "[CP] Check Pods Manifest.lock";
			outputFileListPaths = (
			);
			outputPaths = (
				"$(DERIVED_FILE_DIR)/Pods-iOSTest-MVVM-checkManifestLockResult.txt",
			);
			runOnlyForDeploymentPostprocessing = 0;
			shellPath = /bin/sh;
			shellScript = "diff \"${PODS_PODFILE_DIR_PATH}/Podfile.lock\" \"${PODS_ROOT}/Manifest.lock\" > /dev/null\nif [ $? != 0 ] ; then\n    # print error to STDERR\n    echo \"error: The sandbox is not in sync with the Podfile.lock. Run 'pod install' or update your CocoaPods installation.\" >&2\n    exit 1\nfi\n# This output is used by Xcode 'outputs' to avoid re-running this script phase.\necho \"SUCCESS\" > \"${SCRIPT_OUTPUT_FILE_0}\"\n";
			showEnvVarsInLog = 0;
		};
/* End PBXShellScriptBuildPhase section */

/* Begin PBXSourcesBuildPhase section */
		00F868A3240084560085854E /* Sources */ = {
			isa = PBXSourcesBuildPhase;
			buildActionMask = 2147483647;
			files = (
				00F868CF2400BEB80085854E /* Coordinator.swift in Sources */,
				00F868D22400C9DC0085854E /* MainCoordinator.swift in Sources */,
				00F868C9240090F30085854E /* CourseCell.swift in Sources */,
				00F868CC240091C80085854E /* Course.swift in Sources */,
				00F868C5240090BD0085854E /* CourseViewModel.swift in Sources */,
				00F868AB240084560085854E /* AppDelegate.swift in Sources */,
				00F868C3240090970085854E /* Service.swift in Sources */,
				00F868C7240090DF0085854E /* CoursesController.swift in Sources */,
			);
			runOnlyForDeploymentPostprocessing = 0;
		};
/* End PBXSourcesBuildPhase section */

/* Begin PBXVariantGroup section */
		00F868B3240084580085854E /* LaunchScreen.storyboard */ = {
			isa = PBXVariantGroup;
			children = (
				00F868B4240084580085854E /* Base */,
			);
			name = LaunchScreen.storyboard;
			sourceTree = "<group>";
		};
/* End PBXVariantGroup section */

/* Begin XCBuildConfiguration section */
		00F868B7240084580085854E /* Debug */ = {
			isa = XCBuildConfiguration;
			buildSettings = {
				ALWAYS_SEARCH_USER_PATHS = NO;
				CLANG_ANALYZER_NONNULL = YES;
				CLANG_ANALYZER_NUMBER_OBJECT_CONVERSION = YES_AGGRESSIVE;
				CLANG_CXX_LANGUAGE_STANDARD = "gnu++14";
				CLANG_CXX_LIBRARY = "libc++";
				CLANG_ENABLE_MODULES = YES;
				CLANG_ENABLE_OBJC_ARC = YES;
				CLANG_ENABLE_OBJC_WEAK = YES;
				CLANG_WARN_BLOCK_CAPTURE_AUTORELEASING = YES;
				CLANG_WARN_BOOL_CONVERSION = YES;
				CLANG_WARN_COMMA = YES;
				CLANG_WARN_CONSTANT_CONVERSION = YES;
				CLANG_WARN_DEPRECATED_OBJC_IMPLEMENTATIONS = YES;
				CLANG_WARN_DIRECT_OBJC_ISA_USAGE = YES_ERROR;
				CLANG_WARN_DOCUMENTATION_COMMENTS = YES;
				CLANG_WARN_EMPTY_BODY = YES;
				CLANG_WARN_ENUM_CONVERSION = YES;
				CLANG_WARN_INFINITE_RECURSION = YES;
				CLANG_WARN_INT_CONVERSION = YES;
				CLANG_WARN_NON_LITERAL_NULL_CONVERSION = YES;
				CLANG_WARN_OBJC_IMPLICIT_RETAIN_SELF = YES;
				CLANG_WARN_OBJC_LITERAL_CONVERSION = YES;
				CLANG_WARN_OBJC_ROOT_CLASS = YES_ERROR;
				CLANG_WARN_RANGE_LOOP_ANALYSIS = YES;
				CLANG_WARN_STRICT_PROTOTYPES = YES;
				CLANG_WARN_SUSPICIOUS_MOVE = YES;
				CLANG_WARN_UNGUARDED_AVAILABILITY = YES_AGGRESSIVE;
				CLANG_WARN_UNREACHABLE_CODE = YES;
				CLANG_WARN__DUPLICATE_METHOD_MATCH = YES;
				CODE_SIGN_IDENTITY = "iPhone Developer";
				COPY_PHASE_STRIP = NO;
				DEBUG_INFORMATION_FORMAT = dwarf;
				ENABLE_STRICT_OBJC_MSGSEND = YES;
				ENABLE_TESTABILITY = YES;
				GCC_C_LANGUAGE_STANDARD = gnu11;
				GCC_DYNAMIC_NO_PIC = NO;
				GCC_NO_COMMON_BLOCKS = YES;
				GCC_OPTIMIZATION_LEVEL = 0;
				GCC_PREPROCESSOR_DEFINITIONS = (
					"DEBUG=1",
					"$(inherited)",
				);
				GCC_WARN_64_TO_32_BIT_CONVERSION = YES;
				GCC_WARN_ABOUT_RETURN_TYPE = YES_ERROR;
				GCC_WARN_UNDECLARED_SELECTOR = YES;
				GCC_WARN_UNINITIALIZED_AUTOS = YES_AGGRESSIVE;
				GCC_WARN_UNUSED_FUNCTION = YES;
				GCC_WARN_UNUSED_VARIABLE = YES;
				IPHONEOS_DEPLOYMENT_TARGET = 12.2;
				MTL_ENABLE_DEBUG_INFO = INCLUDE_SOURCE;
				MTL_FAST_MATH = YES;
				ONLY_ACTIVE_ARCH = YES;
				SDKROOT = iphoneos;
				SWIFT_ACTIVE_COMPILATION_CONDITIONS = DEBUG;
				SWIFT_OPTIMIZATION_LEVEL = "-Onone";
			};
			name = Debug;
		};
		00F868B8240084580085854E /* Release */ = {
			isa = XCBuildConfiguration;
			buildSettings = {
				ALWAYS_SEARCH_USER_PATHS = NO;
				CLANG_ANALYZER_NONNULL = YES;
				CLANG_ANALYZER_NUMBER_OBJECT_CONVERSION = YES_AGGRESSIVE;
				CLANG_CXX_LANGUAGE_STANDARD = "gnu++14";
				CLANG_CXX_LIBRARY = "libc++";
				CLANG_ENABLE_MODULES = YES;
				CLANG_ENABLE_OBJC_ARC = YES;
				CLANG_ENABLE_OBJC_WEAK = YES;
				CLANG_WARN_BLOCK_CAPTURE_AUTORELEASING = YES;
				CLANG_WARN_BOOL_CONVERSION = YES;
				CLANG_WARN_COMMA = YES;
				CLANG_WARN_CONSTANT_CONVERSION = YES;
				CLANG_WARN_DEPRECATED_OBJC_IMPLEMENTATIONS = YES;
				CLANG_WARN_DIRECT_OBJC_ISA_USAGE = YES_ERROR;
				CLANG_WARN_DOCUMENTATION_COMMENTS = YES;
				CLANG_WARN_EMPTY_BODY = YES;
				CLANG_WARN_ENUM_CONVERSION = YES;
				CLANG_WARN_INFINITE_RECURSION = YES;
				CLANG_WARN_INT_CONVERSION = YES;
				CLANG_WARN_NON_LITERAL_NULL_CONVERSION = YES;
				CLANG_WARN_OBJC_IMPLICIT_RETAIN_SELF = YES;
				CLANG_WARN_OBJC_LITERAL_CONVERSION = YES;
				CLANG_WARN_OBJC_ROOT_CLASS = YES_ERROR;
				CLANG_WARN_RANGE_LOOP_ANALYSIS = YES;
				CLANG_WARN_STRICT_PROTOTYPES = YES;
				CLANG_WARN_SUSPICIOUS_MOVE = YES;
				CLANG_WARN_UNGUARDED_AVAILABILITY = YES_AGGRESSIVE;
				CLANG_WARN_UNREACHABLE_CODE = YES;
				CLANG_WARN__DUPLICATE_METHOD_MATCH = YES;
				CODE_SIGN_IDENTITY = "iPhone Developer";
				COPY_PHASE_STRIP = NO;
				DEBUG_INFORMATION_FORMAT = "dwarf-with-dsym";
				ENABLE_NS_ASSERTIONS = NO;
				ENABLE_STRICT_OBJC_MSGSEND = YES;
				GCC_C_LANGUAGE_STANDARD = gnu11;
				GCC_NO_COMMON_BLOCKS = YES;
				GCC_WARN_64_TO_32_BIT_CONVERSION = YES;
				GCC_WARN_ABOUT_RETURN_TYPE = YES_ERROR;
				GCC_WARN_UNDECLARED_SELECTOR = YES;
				GCC_WARN_UNINITIALIZED_AUTOS = YES_AGGRESSIVE;
				GCC_WARN_UNUSED_FUNCTION = YES;
				GCC_WARN_UNUSED_VARIABLE = YES;
				IPHONEOS_DEPLOYMENT_TARGET = 12.2;
				MTL_ENABLE_DEBUG_INFO = NO;
				MTL_FAST_MATH = YES;
				SDKROOT = iphoneos;
				SWIFT_COMPILATION_MODE = wholemodule;
				SWIFT_OPTIMIZATION_LEVEL = "-O";
				VALIDATE_PRODUCT = YES;
			};
			name = Release;
		};
		00F868BA240084580085854E /* Debug */ = {
			isa = XCBuildConfiguration;
			baseConfigurationReference = D8F08E83039DBE83D7B1476C /* Pods-iOSTest-MVVM.debug.xcconfig */;
			buildSettings = {
				ASSETCATALOG_COMPILER_APPICON_NAME = AppIcon;
				CODE_SIGN_STYLE = Automatic;
				DEVELOPMENT_TEAM = RP3J94A3ZR;
				INFOPLIST_FILE = "iOSTest-MVVM/Info.plist";
				LD_RUNPATH_SEARCH_PATHS = (
					"$(inherited)",
					"@executable_path/Frameworks",
				);
				PRODUCT_BUNDLE_IDENTIFIER = "com.inaldoribeiro.iOSTest-MVVM";
				PRODUCT_NAME = "$(TARGET_NAME)";
				SWIFT_VERSION = 5.0;
				TARGETED_DEVICE_FAMILY = "1,2";
			};
			name = Debug;
		};
		00F868BB240084580085854E /* Release */ = {
			isa = XCBuildConfiguration;
			baseConfigurationReference = 9FC7410EAA491197542A1F16 /* Pods-iOSTest-MVVM.release.xcconfig */;
			buildSettings = {
				ASSETCATALOG_COMPILER_APPICON_NAME = AppIcon;
				CODE_SIGN_STYLE = Automatic;
				DEVELOPMENT_TEAM = RP3J94A3ZR;
				INFOPLIST_FILE = "iOSTest-MVVM/Info.plist";
				LD_RUNPATH_SEARCH_PATHS = (
					"$(inherited)",
					"@executable_path/Frameworks",
				);
				PRODUCT_BUNDLE_IDENTIFIER = "com.inaldoribeiro.iOSTest-MVVM";
				PRODUCT_NAME = "$(TARGET_NAME)";
				SWIFT_VERSION = 5.0;
				TARGETED_DEVICE_FAMILY = "1,2";
			};
			name = Release;
		};
/* End XCBuildConfiguration section */

/* Begin XCConfigurationList section */
		00F868A2240084560085854E /* Build configuration list for PBXProject "iOSTest-MVVM" */ = {
			isa = XCConfigurationList;
			buildConfigurations = (
				00F868B7240084580085854E /* Debug */,
				00F868B8240084580085854E /* Release */,
			);
			defaultConfigurationIsVisible = 0;
			defaultConfigurationName = Release;
		};
		00F868B9240084580085854E /* Build configuration list for PBXNativeTarget "iOSTest-MVVM" */ = {
			isa = XCConfigurationList;
			buildConfigurations = (
				00F868BA240084580085854E /* Debug */,
				00F868BB240084580085854E /* Release */,
			);
			defaultConfigurationIsVisible = 0;
			defaultConfigurationName = Release;
		};
/* End XCConfigurationList section */
	};
	rootObject = 00F8689F240084560085854E /* Project object */;
}
